
Microsoft Visual Studio Solution File, Format Version 12.00
# Visual Studio Version 16
VisualStudioVersion = 16.0.30413.136
MinimumVisualStudioVersion = 10.0.40219.1
Project("{FAE04EC0-301F-11D3-BF4B-00C04F79EFBC}") = "jmanka1730ex1b", "jmanka1730ex1b\jmanka1730ex1b.csproj", "{CDDA0EC0-8F01-4BAA-8A8F-F72209050588}"
EndProject
Project("{FAE04EC0-301F-11D3-BF4B-00C04F79EFBC}") = "jmanka1c1", "jmanka1c1\jmanka1c1.csproj", "{A37C53F2-77A9-442E-B151-16EA30B5B464}"
EndProject
Project("{FAE04EC0-301F-11D3-BF4B-00C04F79EFBC}") = "jmanka17301d1", "jmanka17301d1\jmanka17301d1.csproj", "{81F5D963-0A2D-4A53-9643-79FA5D99797F}"
EndProject
Project("{FAE04EC0-301F-11D3-BF4B-00C04F79EFBC}") = "jmanka1730ex1e", "jmanka1730ex1e\jmanka1730ex1e.csproj", "{DD0FC61C-3F06-41C7-91BE-C3FA47F7A5D3}"
EndProject
Project("{FAE04EC0-301F-11D3-BF4B-00C04F79EFBC}") = "jmanka1730ex1f", "jmanka1730ex1f\jmanka1730ex1f.csproj", "{6C2B7EDE-9FB7-454F-8645-910D80F0A8EB}"
EndProject
Global
	GlobalSection(SolutionConfigurationPlatforms) = preSolution
		Debug|Any CPU = Debug|Any CPU
		Release|Any CPU = Release|Any CPU
	EndGlobalSection
	GlobalSection(ProjectConfigurationPlatforms) = postSolution
		{CDDA0EC0-8F01-4BAA-8A8F-F72209050588}.Debug|Any CPU.ActiveCfg = Debug|Any CPU
		{CDDA0EC0-8F01-4BAA-8A8F-F72209050588}.Debug|Any CPU.Build.0 = Debug|Any CPU
		{CDDA0EC0-8F01-4BAA-8A8F-F72209050588}.Release|Any CPU.ActiveCfg = Release|Any CPU
		{CDDA0EC0-8F01-4BAA-8A8F-F72209050588}.Release|Any CPU.Build.0 = Release|Any CPU
		{A37C53F2-77A9-442E-B151-16EA30B5B464}.Debug|Any CPU.ActiveCfg = Debug|Any CPU
		{A37C53F2-77A9-442E-B151-16EA30B5B464}.Debug|Any CPU.Build.0 = Debug|Any CPU
		{A37C53F2-77A9-442E-B151-16EA30B5B464}.Release|Any CPU.ActiveCfg = Release|Any CPU
		{A37C53F2-77A9-442E-B151-16EA30B5B464}.Release|Any CPU.Build.0 = Release|Any CPU
		{81F5D963-0A2D-4A53-9643-79FA5D99797F}.Debug|Any CPU.ActiveCfg = Debug|Any CPU
		{81F5D963-0A2D-4A53-9643-79FA5D99797F}.Debug|Any CPU.Build.0 = Debug|Any CPU
		{81F5D963-0A2D-4A53-9643-79FA5D99797F}.Release|Any CPU.ActiveCfg = Release|Any CPU
		{81F5D963-0A2D-4A53-9643-79FA5D99797F}.Release|Any CPU.Build.0 = Release|Any CPU
		{DD0FC61C-3F06-41C7-91BE-C3FA47F7A5D3}.Debug|Any CPU.ActiveCfg = Debug|Any CPU
		{DD0FC61C-3F06-41C7-91BE-C3FA47F7A5D3}.Debug|Any CPU.Build.0 = Debug|Any CPU
		{DD0FC61C-3F06-41C7-91BE-C3FA47F7A5D3}.Release|Any CPU.ActiveCfg = Release|Any CPU
		{DD0FC61C-3F06-41C7-91BE-C3FA47F7A5D3}.Release|Any CPU.Build.0 = Release|Any CPU
		{6C2B7EDE-9FB7-454F-8645-910D80F0A8EB}.Debug|Any CPU.ActiveCfg = Debug|Any CPU
		{6C2B7EDE-9FB7-454F-8645-910D80F0A8EB}.Debug|Any CPU.Build.0 = Debug|Any CPU
		{6C2B7EDE-9FB7-454F-8645-910D80F0A8EB}.Release|Any CPU.ActiveCfg = Release|Any CPU
		{6C2B7EDE-9FB7-454F-8645-910D80F0A8EB}.Release|Any CPU.Build.0 = Release|Any CPU
	EndGlobalSection
	GlobalSection(SolutionProperties) = preSolution
		HideSolutionNode = FALSE
	EndGlobalSection
	GlobalSection(ExtensibilityGlobals) = postSolution
		SolutionGuid = {7C9CFC76-08B0-4C01-9C2E-23279C8AD274}
	EndGlobalSection
EndGlobal
